
Microsoft Visual Studio Solution File, Format Version 12.00
# Visual Studio Version 16
VisualStudioVersion = 16.0.29418.71
MinimumVisualStudioVersion = 10.0.40219.1
Project("{9A19103F-16F7-4668-BE54-9A1E7A4F7556}") = "KnapsackProblem", "KnapsackProblem\KnapsackProblem.csproj", "{FA870140-78F3-41C0-9672-73009176F57C}"
EndProject
Project("{FAE04EC0-301F-11D3-BF4B-00C04F79EFBC}") = "KnapsackProblemTests", "KnapsackProblemTests\KnapsackProblemTests.csproj", "{30318B4D-921A-42EA-99EC-3590CDA0F462}"
EndProject
Global
	GlobalSection(SolutionConfigurationPlatforms) = preSolution
		Debug|Any CPU = Debug|Any CPU
		Release|Any CPU = Release|Any CPU
	EndGlobalSection
	GlobalSection(ProjectConfigurationPlatforms) = postSolution
		{FA870140-78F3-41C0-9672-73009176F57C}.Debug|Any CPU.ActiveCfg = Debug|Any CPU
		{FA870140-78F3-41C0-9672-73009176F57C}.Debug|Any CPU.Build.0 = Debug|Any CPU
		{FA870140-78F3-41C0-9672-73009176F57C}.Release|Any CPU.ActiveCfg = Release|Any CPU
		{FA870140-78F3-41C0-9672-73009176F57C}.Release|Any CPU.Build.0 = Release|Any CPU
		{30318B4D-921A-42EA-99EC-3590CDA0F462}.Debug|Any CPU.ActiveCfg = Debug|Any CPU
		{30318B4D-921A-42EA-99EC-3590CDA0F462}.Debug|Any CPU.Build.0 = Debug|Any CPU
		{30318B4D-921A-42EA-99EC-3590CDA0F462}.Release|Any CPU.ActiveCfg = Release|Any CPU
		{30318B4D-921A-42EA-99EC-3590CDA0F462}.Release|Any CPU.Build.0 = Release|Any CPU
	EndGlobalSection
	GlobalSection(SolutionProperties) = preSolution
		HideSolutionNode = FALSE
	EndGlobalSection
	GlobalSection(ExtensibilityGlobals) = postSolution
		SolutionGuid = {53C3F5FC-1ABD-478C-9059-31724A4D52DC}
	EndGlobalSection
EndGlobal
